// !$*UTF8*$!
{
	archiveVersion = 1;
	classes = {
	};
	objectVersion = 56;
	objects = {

/* Begin PBXBuildFile section */
		A10000000000000000000001 /* GrillMeApp.swift in Sources */ = {isa = PBXBuildFile; fileRef = B10000000000000000000001 /* GrillMeApp.swift */; };
		A10000000000000000000002 /* ContentView.swift in Sources */ = {isa = PBXBuildFile; fileRef = B10000000000000000000002 /* ContentView.swift */; };
		A10000000000000000000003 /* GrillMeCore.swift in Sources */ = {isa = PBXBuildFile; fileRef = B10000000000000000000003 /* GrillMeCore.swift */; };
		A10000000000000000000004 /* IntroLesson.swift in Sources */ = {isa = PBXBuildFile; fileRef = B10000000000000000000004 /* IntroLesson.swift */; };
		A10000000000000000000005 /* LessonCatalog.swift in Sources */ = {isa = PBXBuildFile; fileRef = B10000000000000000000006 /* LessonCatalog.swift */; };
		A10000000000000000000006 /* ProgressStore.swift in Sources */ = {isa = PBXBuildFile; fileRef = B10000000000000000000007 /* ProgressStore.swift */; };
		A10000000000000000000007 /* LoopsLesson.swift in Sources */ = {isa = PBXBuildFile; fileRef = B10000000000000000000008 /* LoopsLesson.swift */; };
		A10000000000000000000008 /* AdvancedLenses.swift in Sources */ = {isa = PBXBuildFile; fileRef = B10000000000000000000009 /* AdvancedLenses.swift */; };
		A10000000000000000000009 /* LearningAnalytics.swift in Sources */ = {isa = PBXBuildFile; fileRef = B10000000000000000000010 /* LearningAnalytics.swift */; };
		A10000000000000000000010 /* LessonValidator.swift in Sources */ = {isa = PBXBuildFile; fileRef = B10000000000000000000011 /* LessonValidator.swift */; };
		A10000000000000000000011 /* WeekOneLessons.swift in Sources */ = {isa = PBXBuildFile; fileRef = B10000000000000000000012 /* WeekOneLessons.swift */; };
		A10000000000000000000012 /* RoadmapLessons.swift in Sources */ = {isa = PBXBuildFile; fileRef = B10000000000000000000013 /* RoadmapLessons.swift */; };
		A10000000000000000000013 /* LanguageBridge.swift in Sources */ = {isa = PBXBuildFile; fileRef = B10000000000000000000014 /* LanguageBridge.swift */; };
		A10000000000000000000014 /* SocraticMentor.swift in Sources */ = {isa = PBXBuildFile; fileRef = B10000000000000000000015 /* SocraticMentor.swift */; };
		A10000000000000000000015 /* LessonRun.swift in Sources */ = {isa = PBXBuildFile; fileRef = B10000000000000000000016 /* LessonRun.swift */; };
		A10000000000000000000016 /* OnDeviceMentor.swift in Sources */ = {isa = PBXBuildFile; fileRef = B10000000000000000000017 /* OnDeviceMentor.swift */; };
		A10000000000000000000017 /* LessonJourney.swift in Sources */ = {isa = PBXBuildFile; fileRef = B10000000000000000000023 /* LessonJourney.swift */; };
		A10000000000000000000018 /* Assets.xcassets in Resources */ = {isa = PBXBuildFile; fileRef = B10000000000000000000024 /* Assets.xcassets */; };
		A10000000000000000000019 /* LessonEvidence.swift in Sources */ = {isa = PBXBuildFile; fileRef = B10000000000000000000025 /* LessonEvidence.swift */; };
		A10000000000000000000021 /* ConceptMatcher.swift in Sources */ = {isa = PBXBuildFile; fileRef = B10000000000000000000028 /* ConceptMatcher.swift */; };
		A10000000000000000000022 /* MentorCoordinator.swift in Sources */ = {isa = PBXBuildFile; fileRef = B10000000000000000000029 /* MentorCoordinator.swift */; };
		A10000000000000000000020 /* GrillMeUITests.swift in Sources */ = {isa = PBXBuildFile; fileRef = B10000000000000000000026 /* GrillMeUITests.swift */; };
/* End PBXBuildFile section */

/* Begin PBXContainerItemProxy section */
		P10000000000000000000001 /* PBXContainerItemProxy */ = {
			isa = PBXContainerItemProxy;
			containerPortal = C10000000000000000000006 /* Project object */;
			proxyType = 1;
			remoteGlobalIDString = E10000000000000000000001;
			remoteInfo = GrillMe;
		};
/* End PBXContainerItemProxy section */

/* Begin PBXFileReference section */
		B10000000000000000000001 /* GrillMeApp.swift */ = {isa = PBXFileReference; lastKnownFileType = sourcecode.swift; path = GrillMeApp.swift; sourceTree = "<group>"; };
		B10000000000000000000002 /* ContentView.swift */ = {isa = PBXFileReference; lastKnownFileType = sourcecode.swift; path = ContentView.swift; sourceTree = "<group>"; };
		B10000000000000000000003 /* GrillMeCore.swift */ = {isa = PBXFileReference; lastKnownFileType = sourcecode.swift; path = GrillMeCore.swift; sourceTree = "<group>"; };
		B10000000000000000000004 /* IntroLesson.swift */ = {isa = PBXFileReference; lastKnownFileType = sourcecode.swift; path = IntroLesson.swift; sourceTree = "<group>"; };
		B10000000000000000000005 /* GrillMe.app */ = {isa = PBXFileReference; explicitFileType = wrapper.application; includeInIndex = 0; path = GrillMe.app; sourceTree = BUILT_PRODUCTS_DIR; };
		B10000000000000000000006 /* LessonCatalog.swift */ = {isa = PBXFileReference; lastKnownFileType = sourcecode.swift; path = LessonCatalog.swift; sourceTree = "<group>"; };
		B10000000000000000000007 /* ProgressStore.swift */ = {isa = PBXFileReference; lastKnownFileType = sourcecode.swift; path = ProgressStore.swift; sourceTree = "<group>"; };
		B10000000000000000000008 /* LoopsLesson.swift */ = {isa = PBXFileReference; lastKnownFileType = sourcecode.swift; path = LoopsLesson.swift; sourceTree = "<group>"; };
		B10000000000000000000009 /* AdvancedLenses.swift */ = {isa = PBXFileReference; lastKnownFileType = sourcecode.swift; path = AdvancedLenses.swift; sourceTree = "<group>"; };
		B10000000000000000000010 /* LearningAnalytics.swift */ = {isa = PBXFileReference; lastKnownFileType = sourcecode.swift; path = LearningAnalytics.swift; sourceTree = "<group>"; };
		B10000000000000000000011 /* LessonValidator.swift */ = {isa = PBXFileReference; lastKnownFileType = sourcecode.swift; path = LessonValidator.swift; sourceTree = "<group>"; };
		B10000000000000000000012 /* WeekOneLessons.swift */ = {isa = PBXFileReference; lastKnownFileType = sourcecode.swift; path = WeekOneLessons.swift; sourceTree = "<group>"; };
		B10000000000000000000013 /* RoadmapLessons.swift */ = {isa = PBXFileReference; lastKnownFileType = sourcecode.swift; path = RoadmapLessons.swift; sourceTree = "<group>"; };
		B10000000000000000000014 /* LanguageBridge.swift */ = {isa = PBXFileReference; lastKnownFileType = sourcecode.swift; path = LanguageBridge.swift; sourceTree = "<group>"; };
		B10000000000000000000015 /* SocraticMentor.swift */ = {isa = PBXFileReference; lastKnownFileType = sourcecode.swift; path = SocraticMentor.swift; sourceTree = "<group>"; };
		B10000000000000000000016 /* LessonRun.swift */ = {isa = PBXFileReference; lastKnownFileType = sourcecode.swift; path = LessonRun.swift; sourceTree = "<group>"; };
		B10000000000000000000017 /* OnDeviceMentor.swift */ = {isa = PBXFileReference; lastKnownFileType = sourcecode.swift; path = OnDeviceMentor.swift; sourceTree = "<group>"; };
		B10000000000000000000018 /* INTENT.md */ = {isa = PBXFileReference; lastKnownFileType = net.daringfireball.markdown; path = INTENT.md; sourceTree = "<group>"; };
		B10000000000000000000019 /* README.md */ = {isa = PBXFileReference; lastKnownFileType = net.daringfireball.markdown; path = README.md; sourceTree = "<group>"; };
		B10000000000000000000020 /* MEMORY.md */ = {isa = PBXFileReference; lastKnownFileType = net.daringfireball.markdown; path = MEMORY.md; sourceTree = "<group>"; };
		B10000000000000000000021 /* DESIGN.md */ = {isa = PBXFileReference; lastKnownFileType = net.daringfireball.markdown; path = DESIGN.md; sourceTree = "<group>"; };
		B10000000000000000000022 /* ROADMAP.md */ = {isa = PBXFileReference; lastKnownFileType = net.daringfireball.markdown; path = ROADMAP.md; sourceTree = "<group>"; };
		B10000000000000000000023 /* LessonJourney.swift */ = {isa = PBXFileReference; lastKnownFileType = sourcecode.swift; path = LessonJourney.swift; sourceTree = "<group>"; };
		B10000000000000000000024 /* Assets.xcassets */ = {isa = PBXFileReference; lastKnownFileType = folder.assetcatalog; path = Assets.xcassets; sourceTree = "<group>"; };
		B10000000000000000000025 /* LessonEvidence.swift */ = {isa = PBXFileReference; lastKnownFileType = sourcecode.swift; path = LessonEvidence.swift; sourceTree = "<group>"; };
		B10000000000000000000028 /* ConceptMatcher.swift */ = {isa = PBXFileReference; lastKnownFileType = sourcecode.swift; path = ConceptMatcher.swift; sourceTree = "<group>"; };
		B10000000000000000000029 /* MentorCoordinator.swift */ = {isa = PBXFileReference; lastKnownFileType = sourcecode.swift; path = MentorCoordinator.swift; sourceTree = "<group>"; };
		B10000000000000000000026 /* GrillMeUITests.swift */ = {isa = PBXFileReference; lastKnownFileType = sourcecode.swift; path = GrillMeUITests.swift; sourceTree = "<group>"; };
		B10000000000000000000027 /* GrillMeUITests.xctest */ = {isa = PBXFileReference; explicitFileType = wrapper.cfbundle; includeInIndex = 0; path = GrillMeUITests.xctest; sourceTree = BUILT_PRODUCTS_DIR; };
/* End PBXFileReference section */

/* Begin PBXFrameworksBuildPhase section */
		F10000000000000000000002 /* Frameworks */ = {
			isa = PBXFrameworksBuildPhase;
			buildActionMask = 2147483647;
			files = (
			);
			runOnlyForDeploymentPostprocessing = 0;
		};
		F10000000000000000000005 /* Frameworks */ = {
			isa = PBXFrameworksBuildPhase;
			buildActionMask = 2147483647;
			files = (
			);
			runOnlyForDeploymentPostprocessing = 0;
		};
/* End PBXFrameworksBuildPhase section */

/* Begin PBXGroup section */
		C10000000000000000000001 = {
			isa = PBXGroup;
			children = (
				C10000000000000000000002 /* GrillMe */,
				C10000000000000000000008 /* GrillMeUITests */,
				C10000000000000000000007 /* Documentation */,
				C10000000000000000000005 /* Products */,
			);
			sourceTree = "<group>";
		};
		C10000000000000000000002 /* GrillMe */ = {
			isa = PBXGroup;
			children = (
				C10000000000000000000003 /* App */,
				C10000000000000000000004 /* Core */,
			);
			path = GrillMe;
			sourceTree = "<group>";
		};
		C10000000000000000000003 /* App */ = {
			isa = PBXGroup;
			children = (
				B10000000000000000000024 /* Assets.xcassets */,
				B10000000000000000000001 /* GrillMeApp.swift */,
				B10000000000000000000002 /* ContentView.swift */,
				B10000000000000000000017 /* OnDeviceMentor.swift */,
			);
			path = App;
			sourceTree = "<group>";
		};
		C10000000000000000000004 /* Core */ = {
			isa = PBXGroup;
			children = (
				B10000000000000000000003 /* GrillMeCore.swift */,
				B10000000000000000000004 /* IntroLesson.swift */,
				B10000000000000000000006 /* LessonCatalog.swift */,
				B10000000000000000000007 /* ProgressStore.swift */,
				B10000000000000000000008 /* LoopsLesson.swift */,
				B10000000000000000000009 /* AdvancedLenses.swift */,
				B10000000000000000000010 /* LearningAnalytics.swift */,
				B10000000000000000000011 /* LessonValidator.swift */,
				B10000000000000000000012 /* WeekOneLessons.swift */,
				B10000000000000000000013 /* RoadmapLessons.swift */,
				B10000000000000000000014 /* LanguageBridge.swift */,
				B10000000000000000000015 /* SocraticMentor.swift */,
				B10000000000000000000016 /* LessonRun.swift */,
				B10000000000000000000023 /* LessonJourney.swift */,
				B10000000000000000000025 /* LessonEvidence.swift */,
				B10000000000000000000028 /* ConceptMatcher.swift */,
				B10000000000000000000029 /* MentorCoordinator.swift */,
			);
			path = Core;
			sourceTree = "<group>";
		};
		C10000000000000000000007 /* Documentation */ = {
			isa = PBXGroup;
			children = (
				B10000000000000000000018 /* INTENT.md */,
				B10000000000000000000019 /* README.md */,
				B10000000000000000000020 /* MEMORY.md */,
				B10000000000000000000021 /* DESIGN.md */,
				B10000000000000000000022 /* ROADMAP.md */,
			);
			name = Documentation;
			sourceTree = "<group>";
		};
		C10000000000000000000008 /* GrillMeUITests */ = {
			isa = PBXGroup;
			children = (
				B10000000000000000000026 /* GrillMeUITests.swift */,
			);
			path = GrillMeUITests;
			sourceTree = "<group>";
		};
		C10000000000000000000005 /* Products */ = {
			isa = PBXGroup;
			children = (
				B10000000000000000000005 /* GrillMe.app */,
				B10000000000000000000027 /* GrillMeUITests.xctest */,
			);
			name = Products;
			sourceTree = "<group>";
		};
/* End PBXGroup section */

/* Begin PBXNativeTarget section */
		E10000000000000000000001 /* GrillMe */ = {
			isa = PBXNativeTarget;
			buildConfigurationList = D10000000000000000000002 /* Build configuration list for PBXNativeTarget "GrillMe" */;
			buildPhases = (
				F10000000000000000000001 /* Sources */,
				F10000000000000000000002 /* Frameworks */,
				F10000000000000000000003 /* Resources */,
			);
			buildRules = (
			);
			dependencies = (
			);
			name = GrillMe;
			productName = GrillMe;
			productReference = B10000000000000000000005 /* GrillMe.app */;
			productType = "com.apple.product-type.application";
		};
		E10000000000000000000002 /* GrillMeUITests */ = {
			isa = PBXNativeTarget;
			buildConfigurationList = D10000000000000000000009 /* Build configuration list for PBXNativeTarget "GrillMeUITests" */;
			buildPhases = (
				F10000000000000000000004 /* Sources */,
				F10000000000000000000005 /* Frameworks */,
				F10000000000000000000006 /* Resources */,
			);
			buildRules = (
			);
			dependencies = (
				T10000000000000000000001 /* PBXTargetDependency */,
			);
			name = GrillMeUITests;
			productName = GrillMeUITests;
			productReference = B10000000000000000000027 /* GrillMeUITests.xctest */;
			productType = "com.apple.product-type.bundle.ui-testing";
		};
/* End PBXNativeTarget section */

/* Begin PBXProject section */
		C10000000000000000000006 /* Project object */ = {
			isa = PBXProject;
			attributes = {
				BuildIndependentTargetsInParallel = 1;
				LastSwiftUpdateCheck = 2660;
				LastUpgradeCheck = 2660;
				TargetAttributes = {
					E10000000000000000000001 = {
						CreatedOnToolsVersion = 26.6;
					};
					E10000000000000000000002 = {
						CreatedOnToolsVersion = 26.6;
						TestTargetID = E10000000000000000000001;
					};
				};
			};
			buildConfigurationList = D10000000000000000000001 /* Build configuration list for PBXProject "GrillMe" */;
			compatibilityVersion = "Xcode 14.0";
			developmentRegion = tr;
			hasScannedForEncodings = 0;
			knownRegions = (
				Base,
				tr,
			);
			mainGroup = C10000000000000000000001;
			productRefGroup = C10000000000000000000005 /* Products */;
			projectDirPath = "";
			projectRoot = "";
			targets = (
				E10000000000000000000001 /* GrillMe */,
				E10000000000000000000002 /* GrillMeUITests */,
			);
		};
/* End PBXProject section */

/* Begin PBXResourcesBuildPhase section */
		F10000000000000000000003 /* Resources */ = {
			isa = PBXResourcesBuildPhase;
			buildActionMask = 2147483647;
			files = (
				A10000000000000000000018 /* Assets.xcassets in Resources */,
			);
			runOnlyForDeploymentPostprocessing = 0;
		};
		F10000000000000000000006 /* Resources */ = {
			isa = PBXResourcesBuildPhase;
			buildActionMask = 2147483647;
			files = (
			);
			runOnlyForDeploymentPostprocessing = 0;
		};
/* End PBXResourcesBuildPhase section */

/* Begin PBXSourcesBuildPhase section */
		F10000000000000000000001 /* Sources */ = {
			isa = PBXSourcesBuildPhase;
			buildActionMask = 2147483647;
			files = (
				A10000000000000000000001 /* GrillMeApp.swift in Sources */,
				A10000000000000000000002 /* ContentView.swift in Sources */,
				A10000000000000000000003 /* GrillMeCore.swift in Sources */,
				A10000000000000000000004 /* IntroLesson.swift in Sources */,
				A10000000000000000000005 /* LessonCatalog.swift in Sources */,
				A10000000000000000000006 /* ProgressStore.swift in Sources */,
				A10000000000000000000007 /* LoopsLesson.swift in Sources */,
				A10000000000000000000008 /* AdvancedLenses.swift in Sources */,
				A10000000000000000000009 /* LearningAnalytics.swift in Sources */,
				A10000000000000000000010 /* LessonValidator.swift in Sources */,
				A10000000000000000000011 /* WeekOneLessons.swift in Sources */,
				A10000000000000000000012 /* RoadmapLessons.swift in Sources */,
				A10000000000000000000013 /* LanguageBridge.swift in Sources */,
				A10000000000000000000014 /* SocraticMentor.swift in Sources */,
				A10000000000000000000015 /* LessonRun.swift in Sources */,
				A10000000000000000000016 /* OnDeviceMentor.swift in Sources */,
				A10000000000000000000017 /* LessonJourney.swift in Sources */,
				A10000000000000000000019 /* LessonEvidence.swift in Sources */,
				A10000000000000000000021 /* ConceptMatcher.swift in Sources */,
				A10000000000000000000022 /* MentorCoordinator.swift in Sources */,
			);
			runOnlyForDeploymentPostprocessing = 0;
		};
		F10000000000000000000004 /* Sources */ = {
			isa = PBXSourcesBuildPhase;
			buildActionMask = 2147483647;
			files = (
				A10000000000000000000020 /* GrillMeUITests.swift in Sources */,
			);
			runOnlyForDeploymentPostprocessing = 0;
		};
/* End PBXSourcesBuildPhase section */

/* Begin PBXTargetDependency section */
		T10000000000000000000001 /* PBXTargetDependency */ = {
			isa = PBXTargetDependency;
			target = E10000000000000000000001 /* GrillMe */;
			targetProxy = P10000000000000000000001 /* PBXContainerItemProxy */;
		};
/* End PBXTargetDependency section */

/* Begin XCBuildConfiguration section */
		D10000000000000000000003 /* Debug */ = {
			isa = XCBuildConfiguration;
			buildSettings = {
				ALWAYS_SEARCH_USER_PATHS = NO;
				ASSETCATALOG_COMPILER_GENERATE_SWIFT_ASSET_SYMBOL_EXTENSIONS = YES;
				CLANG_ANALYZER_NONNULL = YES;
				CLANG_ANALYZER_NUMBER_OBJECT_CONVERSION = YES_AGGRESSIVE;
				CLANG_CXX_LANGUAGE_STANDARD = "gnu++20";
				CLANG_ENABLE_MODULES = YES;
				CLANG_ENABLE_OBJC_ARC = YES;
				CLANG_ENABLE_OBJC_WEAK = YES;
				CLANG_WARN_BLOCK_CAPTURE_AUTORELEASING = YES;
				CLANG_WARN_BOOL_CONVERSION = YES;
				CLANG_WARN_COMMA = YES;
				CLANG_WARN_CONSTANT_CONVERSION = YES;
				CLANG_WARN_DEPRECATED_OBJC_IMPLEMENTATIONS = YES;
				CLANG_WARN_DIRECT_OBJC_ISA_USAGE = YES_ERROR;
				CLANG_WARN_DOCUMENTATION_COMMENTS = YES;
				CLANG_WARN_EMPTY_BODY = YES;
				CLANG_WARN_ENUM_CONVERSION = YES;
				CLANG_WARN_INFINITE_RECURSION = YES;
				CLANG_WARN_INT_CONVERSION = YES;
				CLANG_WARN_NON_LITERAL_NULL_CONVERSION = YES;
				CLANG_WARN_OBJC_IMPLICIT_RETAIN_SELF = YES;
				CLANG_WARN_OBJC_LITERAL_CONVERSION = YES;
				CLANG_WARN_QUOTED_INCLUDE_IN_FRAMEWORK_HEADER = YES;
				CLANG_WARN_RANGE_LOOP_ANALYSIS = YES;
				CLANG_WARN_STRICT_PROTOTYPES = YES;
				CLANG_WARN_SUSPICIOUS_MOVE = YES;
				CLANG_WARN_UNGUARDED_AVAILABILITY = YES_AGGRESSIVE;
				CLANG_WARN_UNREACHABLE_CODE = YES;
				CLANG_WARN__DUPLICATE_METHOD_MATCH = YES;
				COPY_PHASE_STRIP = NO;
				DEBUG_INFORMATION_FORMAT = dwarf;
				ENABLE_STRICT_OBJC_MSGSEND = YES;
				ENABLE_TESTABILITY = YES;
				ENABLE_USER_SCRIPT_SANDBOXING = YES;
				GCC_C_LANGUAGE_STANDARD = gnu17;
				GCC_DYNAMIC_NO_PIC = NO;
				GCC_NO_COMMON_BLOCKS = YES;
				GCC_OPTIMIZATION_LEVEL = 0;
				GCC_PREPROCESSOR_DEFINITIONS = (
					"DEBUG=1",
					"$(inherited)",
				);
				GCC_WARN_64_TO_32_BIT_CONVERSION = YES;
				GCC_WARN_ABOUT_RETURN_TYPE = YES_ERROR;
				GCC_WARN_UNDECLARED_SELECTOR = YES;
				GCC_WARN_UNINITIALIZED_AUTOS = YES_AGGRESSIVE;
				GCC_WARN_UNUSED_FUNCTION = YES;
				GCC_WARN_UNUSED_VARIABLE = YES;
				IPHONEOS_DEPLOYMENT_TARGET = 17.0;
				LOCALIZATION_PREFERS_STRING_CATALOGS = YES;
				MTL_ENABLE_DEBUG_INFO = INCLUDE_SOURCE;
				MTL_FAST_MATH = YES;
				ONLY_ACTIVE_ARCH = YES;
				SDKROOT = iphoneos;
				SWIFT_ACTIVE_COMPILATION_CONDITIONS = "DEBUG $(inherited)";
				SWIFT_OPTIMIZATION_LEVEL = "-Onone";
			};
			name = Debug;
		};
		D10000000000000000000004 /* Release */ = {
			isa = XCBuildConfiguration;
			buildSettings = {
				ALWAYS_SEARCH_USER_PATHS = NO;
				ASSETCATALOG_COMPILER_GENERATE_SWIFT_ASSET_SYMBOL_EXTENSIONS = YES;
				CLANG_ANALYZER_NONNULL = YES;
				CLANG_ANALYZER_NUMBER_OBJECT_CONVERSION = YES_AGGRESSIVE;
				CLANG_CXX_LANGUAGE_STANDARD = "gnu++20";
				CLANG_ENABLE_MODULES = YES;
				CLANG_ENABLE_OBJC_ARC = YES;
				CLANG_ENABLE_OBJC_WEAK = YES;
				CLANG_WARN_BLOCK_CAPTURE_AUTORELEASING = YES;
				CLANG_WARN_BOOL_CONVERSION = YES;
				CLANG_WARN_COMMA = YES;
				CLANG_WARN_CONSTANT_CONVERSION = YES;
				CLANG_WARN_DEPRECATED_OBJC_IMPLEMENTATIONS = YES;
				CLANG_WARN_DIRECT_OBJC_ISA_USAGE = YES_ERROR;
				CLANG_WARN_DOCUMENTATION_COMMENTS = YES;
				CLANG_WARN_EMPTY_BODY = YES;
				CLANG_WARN_ENUM_CONVERSION = YES;
				CLANG_WARN_INFINITE_RECURSION = YES;
				CLANG_WARN_INT_CONVERSION = YES;
				CLANG_WARN_NON_LITERAL_NULL_CONVERSION = YES;
				CLANG_WARN_OBJC_IMPLICIT_RETAIN_SELF = YES;
				CLANG_WARN_OBJC_LITERAL_CONVERSION = YES;
				CLANG_WARN_QUOTED_INCLUDE_IN_FRAMEWORK_HEADER = YES;
				CLANG_WARN_RANGE_LOOP_ANALYSIS = YES;
				CLANG_WARN_STRICT_PROTOTYPES = YES;
				CLANG_WARN_SUSPICIOUS_MOVE = YES;
				CLANG_WARN_UNGUARDED_AVAILABILITY = YES_AGGRESSIVE;
				CLANG_WARN_UNREACHABLE_CODE = YES;
				CLANG_WARN__DUPLICATE_METHOD_MATCH = YES;
				COPY_PHASE_STRIP = NO;
				DEBUG_INFORMATION_FORMAT = "dwarf-with-dsym";
				ENABLE_NS_ASSERTIONS = NO;
				ENABLE_STRICT_OBJC_MSGSEND = YES;
				ENABLE_USER_SCRIPT_SANDBOXING = YES;
				GCC_C_LANGUAGE_STANDARD = gnu17;
				GCC_NO_COMMON_BLOCKS = YES;
				GCC_WARN_64_TO_32_BIT_CONVERSION = YES;
				GCC_WARN_ABOUT_RETURN_TYPE = YES_ERROR;
				GCC_WARN_UNDECLARED_SELECTOR = YES;
				GCC_WARN_UNINITIALIZED_AUTOS = YES_AGGRESSIVE;
				GCC_WARN_UNUSED_FUNCTION = YES;
				GCC_WARN_UNUSED_VARIABLE = YES;
				IPHONEOS_DEPLOYMENT_TARGET = 17.0;
				LOCALIZATION_PREFERS_STRING_CATALOGS = YES;
				MTL_ENABLE_DEBUG_INFO = NO;
				MTL_FAST_MATH = YES;
				SDKROOT = iphoneos;
				SWIFT_COMPILATION_MODE = wholemodule;
			};
			name = Release;
		};
		D10000000000000000000005 /* Debug */ = {
			isa = XCBuildConfiguration;
			buildSettings = {
				ASSETCATALOG_COMPILER_APPICON_NAME = AppIcon;
				CODE_SIGN_STYLE = Automatic;
				CURRENT_PROJECT_VERSION = 3;
				DEVELOPMENT_TEAM = D34637J64V;
				ENABLE_PREVIEWS = YES;
				GENERATE_INFOPLIST_FILE = YES;
				INFOPLIST_KEY_CFBundleDisplayName = GrillMe;
				INFOPLIST_KEY_CFBundleIconName = AppIcon;
				INFOPLIST_KEY_LSApplicationCategoryType = "public.app-category.education";
				INFOPLIST_KEY_UIApplicationSceneManifest_Generation = YES;
				INFOPLIST_KEY_UILaunchScreen_Generation = YES;
				INFOPLIST_KEY_UISupportedInterfaceOrientations_iPhone = UIInterfaceOrientationPortrait;
				LD_RUNPATH_SEARCH_PATHS = (
					"$(inherited)",
					"@executable_path/Frameworks",
				);
				MARKETING_VERSION = 1.2;
				PRODUCT_BUNDLE_IDENTIFIER = com.grillme.learn;
				PRODUCT_NAME = "$(TARGET_NAME)";
				SUPPORTED_PLATFORMS = "iphoneos iphonesimulator";
				SWIFT_EMIT_LOC_STRINGS = YES;
				SWIFT_VERSION = 6.0;
				TARGETED_DEVICE_FAMILY = 1;
			};
			name = Debug;
		};
		D10000000000000000000006 /* Release */ = {
			isa = XCBuildConfiguration;
			buildSettings = {
				ASSETCATALOG_COMPILER_APPICON_NAME = AppIcon;
				CODE_SIGN_STYLE = Automatic;
				CURRENT_PROJECT_VERSION = 3;
				DEVELOPMENT_TEAM = D34637J64V;
				GENERATE_INFOPLIST_FILE = YES;
				INFOPLIST_KEY_CFBundleDisplayName = GrillMe;
				INFOPLIST_KEY_CFBundleIconName = AppIcon;
				INFOPLIST_KEY_LSApplicationCategoryType = "public.app-category.education";
				INFOPLIST_KEY_UIApplicationSceneManifest_Generation = YES;
				INFOPLIST_KEY_UILaunchScreen_Generation = YES;
				INFOPLIST_KEY_UISupportedInterfaceOrientations_iPhone = UIInterfaceOrientationPortrait;
				LD_RUNPATH_SEARCH_PATHS = (
					"$(inherited)",
					"@executable_path/Frameworks",
				);
				MARKETING_VERSION = 1.2;
				PRODUCT_BUNDLE_IDENTIFIER = com.grillme.learn;
				PRODUCT_NAME = "$(TARGET_NAME)";
				SUPPORTED_PLATFORMS = "iphoneos iphonesimulator";
				SWIFT_EMIT_LOC_STRINGS = YES;
				SWIFT_VERSION = 6.0;
				TARGETED_DEVICE_FAMILY = 1;
			};
			name = Release;
		};
		D10000000000000000000007 /* Debug */ = {
			isa = XCBuildConfiguration;
			buildSettings = {
				CODE_SIGN_STYLE = Automatic;
				CURRENT_PROJECT_VERSION = 1;
				DEVELOPMENT_TEAM = D34637J64V;
				GENERATE_INFOPLIST_FILE = YES;
				IPHONEOS_DEPLOYMENT_TARGET = 17.0;
				PRODUCT_BUNDLE_IDENTIFIER = com.grillme.learn.uitests;
				PRODUCT_NAME = "$(TARGET_NAME)";
				SDKROOT = iphoneos;
				SUPPORTED_PLATFORMS = "iphoneos iphonesimulator";
				SWIFT_VERSION = 6.0;
				TARGETED_DEVICE_FAMILY = 1;
				TEST_TARGET_NAME = GrillMe;
			};
			name = Debug;
		};
		D10000000000000000000008 /* Release */ = {
			isa = XCBuildConfiguration;
			buildSettings = {
				CODE_SIGN_STYLE = Automatic;
				CURRENT_PROJECT_VERSION = 1;
				DEVELOPMENT_TEAM = D34637J64V;
				GENERATE_INFOPLIST_FILE = YES;
				IPHONEOS_DEPLOYMENT_TARGET = 17.0;
				PRODUCT_BUNDLE_IDENTIFIER = com.grillme.learn.uitests;
				PRODUCT_NAME = "$(TARGET_NAME)";
				SDKROOT = iphoneos;
				SUPPORTED_PLATFORMS = "iphoneos iphonesimulator";
				SWIFT_VERSION = 6.0;
				TARGETED_DEVICE_FAMILY = 1;
				TEST_TARGET_NAME = GrillMe;
			};
			name = Release;
		};
/* End XCBuildConfiguration section */

/* Begin XCConfigurationList section */
		D10000000000000000000001 /* Build configuration list for PBXProject "GrillMe" */ = {
			isa = XCConfigurationList;
			buildConfigurations = (
				D10000000000000000000003 /* Debug */,
				D10000000000000000000004 /* Release */,
			);
			defaultConfigurationIsVisible = 0;
			defaultConfigurationName = Release;
		};
		D10000000000000000000002 /* Build configuration list for PBXNativeTarget "GrillMe" */ = {
			isa = XCConfigurationList;
			buildConfigurations = (
				D10000000000000000000005 /* Debug */,
				D10000000000000000000006 /* Release */,
			);
			defaultConfigurationIsVisible = 0;
			defaultConfigurationName = Release;
		};
		D10000000000000000000009 /* Build configuration list for PBXNativeTarget "GrillMeUITests" */ = {
			isa = XCConfigurationList;
			buildConfigurations = (
				D10000000000000000000007 /* Debug */,
				D10000000000000000000008 /* Release */,
			);
			defaultConfigurationIsVisible = 0;
			defaultConfigurationName = Release;
		};
/* End XCConfigurationList section */
	};
	rootObject = C10000000000000000000006 /* Project object */;
}
